lockfileVersion: '9.0'

settings:
  autoInstallPeers: true
  excludeLinksFromLockfile: false

importers:

  .:
    dependencies:
      '@vaadin/router':
        specifier: ^1.7.5
        version: 1.7.5
    devDependencies:
      '@stencil/core':
        specifier: ^3.2.2
        version: 3.4.2
      prettier:
        specifier: ^2.8.8
        version: 2.8.8

packages:

  '@stencil/core@3.4.2':
    resolution: {integrity: sha512-FAUhUVaakCy29nU2GwO/HQBRV1ihPRvncz3PUc8oR+UJLAxGabTmP8PLY7wvHfbw+Cvi4VXfJFTBvdfDu6iKPQ==}
    engines: {node: '>=14.10.0', npm: '>=6.0.0'}
    hasBin: true

  '@vaadin/router@1.7.5':
    resolution: {integrity: sha512-uRN3vd1ihgd596bF/NMZqpgxau0nlvIc0/JDd1EwStFNbZID/xIVse5LXdQhIyUKLmSl4T0GeCQK505xerWX0w==}

  '@vaadin/vaadin-development-mode-detector@2.0.7':
    resolution: {integrity: sha512-9FhVhr0ynSR3X2ao+vaIEttcNU5XfzCbxtmYOV8uIRnUCtNgbvMOIcyGBvntsX9I5kvIP2dV3cFAOG9SILJzEA==}

  '@vaadin/vaadin-usage-statistics@2.1.3':
    resolution: {integrity: sha512-8r4TNknD7OJQADe3VygeofFR7UNAXZ2/jjBFP5dgI8+2uMfnuGYgbuHivasKr9WSQ64sPej6m8rDoM1uSllXjQ==}
    engines: {node: ^12.20.0 || ^14.13.1 || >=16.0.0}

  path-to-regexp@2.4.0:
    resolution: {integrity: sha512-G6zHoVqC6GGTQkZwF4lkuEyMbVOjoBKAEybQUypI1WTkqinCOrq2x6U2+phkJ1XsEMTy4LjtwPI7HW+NVrRR2w==}

  prettier@2.8.8:
    resolution: {integrity: sha512-tdN8qQGvNjw4CHbY+XXk0JgCXn9QiF21a55rBe5LJAU+kDyC4WQn4+awm2Xfk2lQMk5fKup9XgzTZtGkjBdP9Q==}
    engines: {node: '>=10.13.0'}
    hasBin: true

snapshots:

  '@stencil/core@3.4.2': {}

  '@vaadin/router@1.7.5':
    dependencies:
      '@vaadin/vaadin-usage-statistics': 2.1.3
      path-to-regexp: 2.4.0

  '@vaadin/vaadin-development-mode-detector@2.0.7': {}

  '@vaadin/vaadin-usage-statistics@2.1.3':
    dependencies:
      '@vaadin/vaadin-development-mode-detector': 2.0.7

  path-to-regexp@2.4.0: {}

  prettier@2.8.8: {}
